
Microsoft Visual Studio Solution File, Format Version 12.00
# Visual Studio Version 16
VisualStudioVersion = 16.0.31515.178
MinimumVisualStudioVersion = 10.0.40219.1
Project("{FAE04EC0-301F-11D3-BF4B-00C04F79EFBC}") = "DIOSeries.ConsoleApp", "DIOSeries.ConsoleApp\DIOSeries.ConsoleApp.csproj", "{172909C9-50B8-4045-A194-7C07FE20AD0D}"
EndProject
Global
	GlobalSection(SolutionConfigurationPlatforms) = preSolution
		Debug|Any CPU = Debug|Any CPU
		Release|Any CPU = Release|Any CPU
	EndGlobalSection
	GlobalSection(ProjectConfigurationPlatforms) = postSolution
		{172909C9-50B8-4045-A194-7C07FE20AD0D}.Debug|Any CPU.ActiveCfg = Debug|Any CPU
		{172909C9-50B8-4045-A194-7C07FE20AD0D}.Debug|Any CPU.Build.0 = Debug|Any CPU
		{172909C9-50B8-4045-A194-7C07FE20AD0D}.Release|Any CPU.ActiveCfg = Release|Any CPU
		{172909C9-50B8-4045-A194-7C07FE20AD0D}.Release|Any CPU.Build.0 = Release|Any CPU
	EndGlobalSection
	GlobalSection(SolutionProperties) = preSolution
		HideSolutionNode = FALSE
	EndGlobalSection
	GlobalSection(ExtensibilityGlobals) = postSolution
		SolutionGuid = {4A14A9C5-0014-4E4E-8125-0E046CACB3D6}
	EndGlobalSection
EndGlobal
